
Microsoft Visual Studio Solution File, Format Version 12.00
# Visual Studio Version 17
VisualStudioVersion = 17.2.32630.192
MinimumVisualStudioVersion = 10.0.40219.1
Project("{FAE04EC0-301F-11D3-BF4B-00C04F79EFBC}") = "BattleshipGame", "BattleshipGame\BattleshipGame.csproj", "{CF54EEE8-EF5E-44B5-B0A7-EF236212B421}"
EndProject
Global
	GlobalSection(SolutionConfigurationPlatforms) = preSolution
		Debug|Any CPU = Debug|Any CPU
		Release|Any CPU = Release|Any CPU
	EndGlobalSection
	GlobalSection(ProjectConfigurationPlatforms) = postSolution
		{CF54EEE8-EF5E-44B5-B0A7-EF236212B421}.Debug|Any CPU.ActiveCfg = Debug|Any CPU
		{CF54EEE8-EF5E-44B5-B0A7-EF236212B421}.Debug|Any CPU.Build.0 = Debug|Any CPU
		{CF54EEE8-EF5E-44B5-B0A7-EF236212B421}.Release|Any CPU.ActiveCfg = Release|Any CPU
		{CF54EEE8-EF5E-44B5-B0A7-EF236212B421}.Release|Any CPU.Build.0 = Release|Any CPU
	EndGlobalSection
	GlobalSection(SolutionProperties) = preSolution
		HideSolutionNode = FALSE
	EndGlobalSection
	GlobalSection(ExtensibilityGlobals) = postSolution
		SolutionGuid = {2A77D255-06E7-4B00-974E-1469AFBFA94C}
	EndGlobalSection
EndGlobal
